
Microsoft Visual Studio Solution File, Format Version 12.00
# Visual Studio Version 17
VisualStudioVersion = 17.7.33920.267
MinimumVisualStudioVersion = 10.0.40219.1
Project("{FAE04EC0-301F-11D3-BF4B-00C04F79EFBC}") = "MauiApp1", "MauiApp1.csproj", "{B5AEF8FC-3E5C-4282-81F9-D8DE464C7B97}"
EndProject
Global
	GlobalSection(SolutionConfigurationPlatforms) = preSolution
		Debug|Any CPU = Debug|Any CPU
		Release|Any CPU = Release|Any CPU
	EndGlobalSection
	GlobalSection(ProjectConfigurationPlatforms) = postSolution
		{B5AEF8FC-3E5C-4282-81F9-D8DE464C7B97}.Debug|Any CPU.ActiveCfg = Debug|Any CPU
		{B5AEF8FC-3E5C-4282-81F9-D8DE464C7B97}.Debug|Any CPU.Build.0 = Debug|Any CPU
		{B5AEF8FC-3E5C-4282-81F9-D8DE464C7B97}.Debug|Any CPU.Deploy.0 = Debug|Any CPU
		{B5AEF8FC-3E5C-4282-81F9-D8DE464C7B97}.Release|Any CPU.ActiveCfg = Release|Any CPU
		{B5AEF8FC-3E5C-4282-81F9-D8DE464C7B97}.Release|Any CPU.Build.0 = Release|Any CPU
		{B5AEF8FC-3E5C-4282-81F9-D8DE464C7B97}.Release|Any CPU.Deploy.0 = Release|Any CPU
	EndGlobalSection
	GlobalSection(SolutionProperties) = preSolution
		HideSolutionNode = FALSE
	EndGlobalSection
	GlobalSection(ExtensibilityGlobals) = postSolution
		SolutionGuid = {351CF9D2-28D4-46CB-95FB-65BA74EC1EB0}
	EndGlobalSection
EndGlobal
